
Microsoft Visual Studio Solution File, Format Version 12.00
# Visual Studio 15
VisualStudioVersion = 15.0.27130.2010
MinimumVisualStudioVersion = 10.0.40219.1
Project("{FAE04EC0-301F-11D3-BF4B-00C04F79EFBC}") = "HotelCore", "HotelCore\HotelCore.csproj", "{6302176A-18D2-4EE5-9E7D-20228E1FE581}"
EndProject
Project("{FAE04EC0-301F-11D3-BF4B-00C04F79EFBC}") = "HotelCore.Tests", "HotelCore.Tests\HotelCore.Tests.csproj", "{7E2671D2-39B1-43E9-A0F2-755449A1D426}"
EndProject
Global
	GlobalSection(SolutionConfigurationPlatforms) = preSolution
		Debug|Any CPU = Debug|Any CPU
		Release|Any CPU = Release|Any CPU
	EndGlobalSection
	GlobalSection(ProjectConfigurationPlatforms) = postSolution
		{6302176A-18D2-4EE5-9E7D-20228E1FE581}.Debug|Any CPU.ActiveCfg = Debug|Any CPU
		{6302176A-18D2-4EE5-9E7D-20228E1FE581}.Debug|Any CPU.Build.0 = Debug|Any CPU
		{6302176A-18D2-4EE5-9E7D-20228E1FE581}.Release|Any CPU.ActiveCfg = Release|Any CPU
		{6302176A-18D2-4EE5-9E7D-20228E1FE581}.Release|Any CPU.Build.0 = Release|Any CPU
		{7E2671D2-39B1-43E9-A0F2-755449A1D426}.Debug|Any CPU.ActiveCfg = Debug|Any CPU
		{7E2671D2-39B1-43E9-A0F2-755449A1D426}.Debug|Any CPU.Build.0 = Debug|Any CPU
		{7E2671D2-39B1-43E9-A0F2-755449A1D426}.Release|Any CPU.ActiveCfg = Release|Any CPU
		{7E2671D2-39B1-43E9-A0F2-755449A1D426}.Release|Any CPU.Build.0 = Release|Any CPU
	EndGlobalSection
	GlobalSection(SolutionProperties) = preSolution
		HideSolutionNode = FALSE
	EndGlobalSection
	GlobalSection(ExtensibilityGlobals) = postSolution
		SolutionGuid = {4E32B8C3-0562-4EE2-BFF2-20F23435160D}
	EndGlobalSection
EndGlobal
